
Microsoft Visual Studio Solution File, Format Version 12.00
# Visual Studio Version 16
VisualStudioVersion = 16.0.30503.244
MinimumVisualStudioVersion = 10.0.40219.1
Project("{FAE04EC0-301F-11D3-BF4B-00C04F79EFBC}") = "PapaSenpai-Project-Software", "PapaSenpai-Project-Software\PapaSenpai-Project-Software.csproj", "{CCF36628-DDBD-4138-9C8D-204A29EC5DFC}"
EndProject
Project("{54435603-DBB4-11D2-8724-00A0C9A8B90C}") = "Setup", "Setup\Setup.vdproj", "{13AF05E2-EF47-4A93-80C0-FD5A6077DDC2}"
EndProject
Global
	GlobalSection(SolutionConfigurationPlatforms) = preSolution
		Debug|Any CPU = Debug|Any CPU
		Release|Any CPU = Release|Any CPU
	EndGlobalSection
	GlobalSection(ProjectConfigurationPlatforms) = postSolution
		{CCF36628-DDBD-4138-9C8D-204A29EC5DFC}.Debug|Any CPU.ActiveCfg = Debug|Any CPU
		{CCF36628-DDBD-4138-9C8D-204A29EC5DFC}.Debug|Any CPU.Build.0 = Debug|Any CPU
		{CCF36628-DDBD-4138-9C8D-204A29EC5DFC}.Release|Any CPU.ActiveCfg = Release|Any CPU
		{CCF36628-DDBD-4138-9C8D-204A29EC5DFC}.Release|Any CPU.Build.0 = Release|Any CPU
		{13AF05E2-EF47-4A93-80C0-FD5A6077DDC2}.Debug|Any CPU.ActiveCfg = Debug
		{13AF05E2-EF47-4A93-80C0-FD5A6077DDC2}.Release|Any CPU.ActiveCfg = Release
	EndGlobalSection
	GlobalSection(SolutionProperties) = preSolution
		HideSolutionNode = FALSE
	EndGlobalSection
	GlobalSection(ExtensibilityGlobals) = postSolution
		SolutionGuid = {DB48E96C-E87D-4D5F-836A-FC7D77933363}
	EndGlobalSection
EndGlobal
